github.com/thenorthnate/buzz v0.4.3 h1:iixnE1LJ5Q2g4Vj4iqn9idEizeO3QZ/AaAOUqW0dn8k=
github.com/thenorthnate/buzz v0.4.3/go.mod h1:GwVXpOQ+MPp/LWFgRgmyYeovX6FNqP2+VA17lvau+FQ=
github.com/thenorthnate/evs v0.2.0 h1:3UoxUAMCL1ny/4tZ0yV8MTWYlrmTNFk0EmwzzgM9+bk=
github.com/thenorthnate/evs v0.2.0/go.mod h1:VUtM+gde4XxulEYrF1bndmIUq/X9RyxIh11qn0Ofv/A=
